<?xml version="1.0" encoding="utf-8"?>
<Project ToolsVersion="4.0" xmlns="http://schemas.microsoft.com/developer/msbuild/2003">
  <ItemGroup>
    <Filter Include="ScriptCode">
      <UniqueIdentifier>{c5a8f242-1e06-43d2-b99f-f105dd4d2057}</UniqueIdentifier>
    </Filter>
    <Filter Include="Default">
      <UniqueIdentifier>{959e58b9-0fef-4699-a570-b172962634b3}</UniqueIdentifier>
    </Filter>
    <Filter Include="Manager">
      <UniqueIdentifier>{44123e23-6ae0-4d07-b8a4-06ed47ddd26e}</UniqueIdentifier>
    </Filter>
  </ItemGroup>
  <ItemGroup>
    <ClInclude Include="stdafx.h">
      <Filter>Default</Filter>
    </ClInclude>
    <ClInclude Include="targetver.h">
      <Filter>Default</Filter>
    </ClInclude>
    <ClInclude Include="BulletScript.h">
      <Filter>ScriptCode</Filter>
    </ClInclude>
    <ClInclude Include="PlayerScript.h">
      <Filter>ScriptCode</Filter>
    </ClInclude>
    <ClInclude Include="TestScript.h">
      <Filter>ScriptCode</Filter>
    </ClInclude>
    <ClInclude Include="ScriptMgr.h">
      <Filter>Manager</Filter>
    </ClInclude>
    <ClInclude Include="MonsterScript.h">
      <Filter>ScriptCode</Filter>
    </ClInclude>
    <ClInclude Include="SaveLoadMgr.h">
      <Filter>Manager</Filter>
    </ClInclude>
    <ClInclude Include="MainCamScript.h">
      <Filter>ScriptCode</Filter>
    </ClInclude>
    <ClInclude Include="BrushScript.h">
      <Filter>ScriptCode</Filter>
    </ClInclude>
    <ClInclude Include="AIScript.h">
      <Filter>ScriptCode</Filter>
    </ClInclude>
    <ClInclude Include="BillboardScript.h">
      <Filter>ScriptCode</Filter>
    </ClInclude>
    <ClInclude Include="WeatherScript.h">
      <Filter>ScriptCode</Filter>
    </ClInclude>
    <ClInclude Include="RevolveScript.h">
      <Filter>ScriptCode</Filter>
    </ClInclude>
  </ItemGroup>
  <ItemGroup>
    <ClCompile Include="stdafx.cpp">
      <Filter>Default</Filter>
    </ClCompile>
    <ClCompile Include="BulletScript.cpp">
      <Filter>ScriptCode</Filter>
    </ClCompile>
    <ClCompile Include="PlayerScript.cpp">
      <Filter>ScriptCode</Filter>
    </ClCompile>
    <ClCompile Include="TestScript.cpp">
      <Filter>ScriptCode</Filter>
    </ClCompile>
    <ClCompile Include="ScriptMgr.cpp">
      <Filter>Manager</Filter>
    </ClCompile>
    <ClCompile Include="MonsterScript.cpp">
      <Filter>ScriptCode</Filter>
    </ClCompile>
    <ClCompile Include="SaveLoadMgr.cpp">
      <Filter>Manager</Filter>
    </ClCompile>
    <ClCompile Include="MainCamScript.cpp">
      <Filter>ScriptCode</Filter>
    </ClCompile>
    <ClCompile Include="BrushScript.cpp">
      <Filter>ScriptCode</Filter>
    </ClCompile>
    <ClCompile Include="AIScript.cpp">
      <Filter>ScriptCode</Filter>
    </ClCompile>
    <ClCompile Include="BillboardScript.cpp">
      <Filter>ScriptCode</Filter>
    </ClCompile>
    <ClCompile Include="WeatherScript.cpp">
      <Filter>ScriptCode</Filter>
    </ClCompile>
    <ClCompile Include="RevolveScript.cpp">
      <Filter>ScriptCode</Filter>
    </ClCompile>
  </ItemGroup>
</Project>